// !$*UTF8*$!
{
	archiveVersion = 1;
	classes = {
	};
	objectVersion = 56;
	objects = {

/* Begin PBXBuildFile section */
		CE278A252B338BFE00A692AC /* HebrewDateFormatter.swift in Sources */ = {isa = PBXBuildFile; fileRef = CE278A242B338BFE00A692AC /* HebrewDateFormatter.swift */; };
		CE278A272B338C6200A692AC /* Daf.swift in Sources */ = {isa = PBXBuildFile; fileRef = CE278A262B338C6200A692AC /* Daf.swift */; };
		CE278A292B338C8900A692AC /* YomiCalculator.swift in Sources */ = {isa = PBXBuildFile; fileRef = CE278A282B338C8900A692AC /* YomiCalculator.swift */; };
		CE278A2B2B338C9E00A692AC /* YerushalmiYomiCalculator.swift in Sources */ = {isa = PBXBuildFile; fileRef = CE278A2A2B338C9E00A692AC /* YerushalmiYomiCalculator.swift */; };
		CE278A2D2B339C5900A692AC /* TefilaRules.swift in Sources */ = {isa = PBXBuildFile; fileRef = CE278A2C2B339C5900A692AC /* TefilaRules.swift */; };
		CE4E71112B34F79D007D6BC6 /* AstronomicalCalendar.swift in Sources */ = {isa = PBXBuildFile; fileRef = CE4E71102B34F79D007D6BC6 /* AstronomicalCalendar.swift */; };
		CE4E71132B34F7CA007D6BC6 /* ZmanimCalendar.swift in Sources */ = {isa = PBXBuildFile; fileRef = CE4E71122B34F7CA007D6BC6 /* ZmanimCalendar.swift */; };
		CE4E71152B34F7DD007D6BC6 /* ComplexZmanimCalendar.swift in Sources */ = {isa = PBXBuildFile; fileRef = CE4E71142B34F7DD007D6BC6 /* ComplexZmanimCalendar.swift */; };
		CE4E71182B34F82C007D6BC6 /* AstronomicalCalculator.swift in Sources */ = {isa = PBXBuildFile; fileRef = CE4E71172B34F82C007D6BC6 /* AstronomicalCalculator.swift */; };
		CE4E711A2B34F839007D6BC6 /* NOAACalculator.swift in Sources */ = {isa = PBXBuildFile; fileRef = CE4E71192B34F839007D6BC6 /* NOAACalculator.swift */; };
		CE4E711C2B34F855007D6BC6 /* GeoLocation.swift in Sources */ = {isa = PBXBuildFile; fileRef = CE4E711B2B34F855007D6BC6 /* GeoLocation.swift */; };
		CE4E711E2B34F8E4007D6BC6 /* SunTimesCalculator.swift in Sources */ = {isa = PBXBuildFile; fileRef = CE4E711D2B34F8E4007D6BC6 /* SunTimesCalculator.swift */; };
		CE4E71202B34F913007D6BC6 /* Time.swift in Sources */ = {isa = PBXBuildFile; fileRef = CE4E711F2B34F913007D6BC6 /* Time.swift */; };
		CE4E71222B34F91D007D6BC6 /* Zman.swift in Sources */ = {isa = PBXBuildFile; fileRef = CE4E71212B34F91D007D6BC6 /* Zman.swift */; };
		CE4E71242B34F930007D6BC6 /* ZmanimFormatter.swift in Sources */ = {isa = PBXBuildFile; fileRef = CE4E71232B34F930007D6BC6 /* ZmanimFormatter.swift */; };
		CEDE8FB32B3272B700D74115 /* KosherSwift.docc in Sources */ = {isa = PBXBuildFile; fileRef = CEDE8FB22B3272B700D74115 /* KosherSwift.docc */; };
		CEDE8FB92B3272B700D74115 /* KosherSwift.framework in Frameworks */ = {isa = PBXBuildFile; fileRef = CEDE8FAE2B3272B700D74115 /* KosherSwift.framework */; };
		CEDE8FBE2B3272B700D74115 /* KosherSwiftTests.swift in Sources */ = {isa = PBXBuildFile; fileRef = CEDE8FBD2B3272B700D74115 /* KosherSwiftTests.swift */; };
		CEDE8FBF2B3272B700D74115 /* KosherSwift.h in Headers */ = {isa = PBXBuildFile; fileRef = CEDE8FB12B3272B700D74115 /* KosherSwift.h */; settings = {ATTRIBUTES = (Public, ); }; };
		CEDE8FCF2B327BED00D74115 /* JewishCalendar.swift in Sources */ = {isa = PBXBuildFile; fileRef = CEDE8FCE2B327BED00D74115 /* JewishCalendar.swift */; };
/* End PBXBuildFile section */

/* Begin PBXContainerItemProxy section */
		CEDE8FBA2B3272B700D74115 /* PBXContainerItemProxy */ = {
			isa = PBXContainerItemProxy;
			containerPortal = CEDE8FA52B3272B700D74115 /* Project object */;
			proxyType = 1;
			remoteGlobalIDString = CEDE8FAD2B3272B700D74115;
			remoteInfo = KosherSwift;
		};
/* End PBXContainerItemProxy section */

/* Begin PBXFileReference section */
		CE278A242B338BFE00A692AC /* HebrewDateFormatter.swift */ = {isa = PBXFileReference; lastKnownFileType = sourcecode.swift; path = HebrewDateFormatter.swift; sourceTree = "<group>"; };
		CE278A262B338C6200A692AC /* Daf.swift */ = {isa = PBXFileReference; lastKnownFileType = sourcecode.swift; path = Daf.swift; sourceTree = "<group>"; };
		CE278A282B338C8900A692AC /* YomiCalculator.swift */ = {isa = PBXFileReference; lastKnownFileType = sourcecode.swift; path = YomiCalculator.swift; sourceTree = "<group>"; };
		CE278A2A2B338C9E00A692AC /* YerushalmiYomiCalculator.swift */ = {isa = PBXFileReference; lastKnownFileType = sourcecode.swift; path = YerushalmiYomiCalculator.swift; sourceTree = "<group>"; };
		CE278A2C2B339C5900A692AC /* TefilaRules.swift */ = {isa = PBXFileReference; lastKnownFileType = sourcecode.swift; path = TefilaRules.swift; sourceTree = "<group>"; };
		CE4E71102B34F79D007D6BC6 /* AstronomicalCalendar.swift */ = {isa = PBXFileReference; lastKnownFileType = sourcecode.swift; path = AstronomicalCalendar.swift; sourceTree = "<group>"; };
		CE4E71122B34F7CA007D6BC6 /* ZmanimCalendar.swift */ = {isa = PBXFileReference; lastKnownFileType = sourcecode.swift; path = ZmanimCalendar.swift; sourceTree = "<group>"; };
		CE4E71142B34F7DD007D6BC6 /* ComplexZmanimCalendar.swift */ = {isa = PBXFileReference; lastKnownFileType = sourcecode.swift; path = ComplexZmanimCalendar.swift; sourceTree = "<group>"; };
		CE4E71172B34F82C007D6BC6 /* AstronomicalCalculator.swift */ = {isa = PBXFileReference; lastKnownFileType = sourcecode.swift; path = AstronomicalCalculator.swift; sourceTree = "<group>"; };
		CE4E71192B34F839007D6BC6 /* NOAACalculator.swift */ = {isa = PBXFileReference; lastKnownFileType = sourcecode.swift; path = NOAACalculator.swift; sourceTree = "<group>"; };
		CE4E711B2B34F855007D6BC6 /* GeoLocation.swift */ = {isa = PBXFileReference; lastKnownFileType = sourcecode.swift; path = GeoLocation.swift; sourceTree = "<group>"; };
		CE4E711D2B34F8E4007D6BC6 /* SunTimesCalculator.swift */ = {isa = PBXFileReference; lastKnownFileType = sourcecode.swift; path = SunTimesCalculator.swift; sourceTree = "<group>"; };
		CE4E711F2B34F913007D6BC6 /* Time.swift */ = {isa = PBXFileReference; lastKnownFileType = sourcecode.swift; path = Time.swift; sourceTree = "<group>"; };
		CE4E71212B34F91D007D6BC6 /* Zman.swift */ = {isa = PBXFileReference; lastKnownFileType = sourcecode.swift; path = Zman.swift; sourceTree = "<group>"; };
		CE4E71232B34F930007D6BC6 /* ZmanimFormatter.swift */ = {isa = PBXFileReference; lastKnownFileType = sourcecode.swift; path = ZmanimFormatter.swift; sourceTree = "<group>"; };
		CEDE8FAE2B3272B700D74115 /* KosherSwift.framework */ = {isa = PBXFileReference; explicitFileType = wrapper.framework; includeInIndex = 0; path = KosherSwift.framework; sourceTree = BUILT_PRODUCTS_DIR; };
		CEDE8FB12B3272B700D74115 /* KosherSwift.h */ = {isa = PBXFileReference; lastKnownFileType = sourcecode.c.h; path = KosherSwift.h; sourceTree = "<group>"; };
		CEDE8FB22B3272B700D74115 /* KosherSwift.docc */ = {isa = PBXFileReference; lastKnownFileType = folder.documentationcatalog; path = KosherSwift.docc; sourceTree = "<group>"; };
		CEDE8FB82B3272B700D74115 /* KosherSwiftTests.xctest */ = {isa = PBXFileReference; explicitFileType = wrapper.cfbundle; includeInIndex = 0; path = KosherSwiftTests.xctest; sourceTree = BUILT_PRODUCTS_DIR; };
		CEDE8FBD2B3272B700D74115 /* KosherSwiftTests.swift */ = {isa = PBXFileReference; lastKnownFileType = sourcecode.swift; path = KosherSwiftTests.swift; sourceTree = "<group>"; };
		CEDE8FCE2B327BED00D74115 /* JewishCalendar.swift */ = {isa = PBXFileReference; lastKnownFileType = sourcecode.swift; path = JewishCalendar.swift; sourceTree = "<group>"; };
/* End PBXFileReference section */

/* Begin PBXFrameworksBuildPhase section */
		CEDE8FAB2B3272B700D74115 /* Frameworks */ = {
			isa = PBXFrameworksBuildPhase;
			buildActionMask = 2147483647;
			files = (
			);
			runOnlyForDeploymentPostprocessing = 0;
		};
		CEDE8FB52B3272B700D74115 /* Frameworks */ = {
			isa = PBXFrameworksBuildPhase;
			buildActionMask = 2147483647;
			files = (
				CEDE8FB92B3272B700D74115 /* KosherSwift.framework in Frameworks */,
			);
			runOnlyForDeploymentPostprocessing = 0;
		};
/* End PBXFrameworksBuildPhase section */

/* Begin PBXGroup section */
		CE278A232B338A4C00A692AC /* hebrewcalendar */ = {
			isa = PBXGroup;
			children = (
				CEDE8FCE2B327BED00D74115 /* JewishCalendar.swift */,
				CE278A242B338BFE00A692AC /* HebrewDateFormatter.swift */,
				CE278A262B338C6200A692AC /* Daf.swift */,
				CE278A282B338C8900A692AC /* YomiCalculator.swift */,
				CE278A2A2B338C9E00A692AC /* YerushalmiYomiCalculator.swift */,
				CE278A2C2B339C5900A692AC /* TefilaRules.swift */,
			);
			path = hebrewcalendar;
			sourceTree = "<group>";
		};
		CE4E71162B34F804007D6BC6 /* util */ = {
			isa = PBXGroup;
			children = (
				CE4E71172B34F82C007D6BC6 /* AstronomicalCalculator.swift */,
				CE4E71192B34F839007D6BC6 /* NOAACalculator.swift */,
				CE4E711B2B34F855007D6BC6 /* GeoLocation.swift */,
				CE4E711D2B34F8E4007D6BC6 /* SunTimesCalculator.swift */,
				CE4E711F2B34F913007D6BC6 /* Time.swift */,
				CE4E71212B34F91D007D6BC6 /* Zman.swift */,
				CE4E71232B34F930007D6BC6 /* ZmanimFormatter.swift */,
			);
			path = util;
			sourceTree = "<group>";
		};
		CE691CE92B3A48D400AAC606 /* Sources */ = {
			isa = PBXGroup;
			children = (
				CEDE8FB02B3272B700D74115 /* KosherSwift */,
			);
			path = Sources;
			sourceTree = "<group>";
		};
		CE691CEA2B3A494B00AAC606 /* Tests */ = {
			isa = PBXGroup;
			children = (
				CEDE8FBC2B3272B700D74115 /* KosherSwiftTests */,
			);
			path = Tests;
			sourceTree = "<group>";
		};
		CEDE8FA42B3272B700D74115 = {
			isa = PBXGroup;
			children = (
				CE691CEA2B3A494B00AAC606 /* Tests */,
				CE691CE92B3A48D400AAC606 /* Sources */,
				CEDE8FAF2B3272B700D74115 /* Products */,
			);
			sourceTree = "<group>";
		};
		CEDE8FAF2B3272B700D74115 /* Products */ = {
			isa = PBXGroup;
			children = (
				CEDE8FAE2B3272B700D74115 /* KosherSwift.framework */,
				CEDE8FB82B3272B700D74115 /* KosherSwiftTests.xctest */,
			);
			name = Products;
			sourceTree = "<group>";
		};
		CEDE8FB02B3272B700D74115 /* KosherSwift */ = {
			isa = PBXGroup;
			children = (
				CE278A232B338A4C00A692AC /* hebrewcalendar */,
				CE4E71162B34F804007D6BC6 /* util */,
				CEDE8FB12B3272B700D74115 /* KosherSwift.h */,
				CEDE8FB22B3272B700D74115 /* KosherSwift.docc */,
				CE4E71102B34F79D007D6BC6 /* AstronomicalCalendar.swift */,
				CE4E71122B34F7CA007D6BC6 /* ZmanimCalendar.swift */,
				CE4E71142B34F7DD007D6BC6 /* ComplexZmanimCalendar.swift */,
			);
			path = KosherSwift;
			sourceTree = "<group>";
		};
		CEDE8FBC2B3272B700D74115 /* KosherSwiftTests */ = {
			isa = PBXGroup;
			children = (
				CEDE8FBD2B3272B700D74115 /* KosherSwiftTests.swift */,
			);
			path = KosherSwiftTests;
			sourceTree = "<group>";
		};
/* End PBXGroup section */

/* Begin PBXHeadersBuildPhase section */
		CEDE8FA92B3272B700D74115 /* Headers */ = {
			isa = PBXHeadersBuildPhase;
			buildActionMask = 2147483647;
			files = (
				CEDE8FBF2B3272B700D74115 /* KosherSwift.h in Headers */,
			);
			runOnlyForDeploymentPostprocessing = 0;
		};
/* End PBXHeadersBuildPhase section */

/* Begin PBXNativeTarget section */
		CEDE8FAD2B3272B700D74115 /* KosherSwift */ = {
			isa = PBXNativeTarget;
			buildConfigurationList = CEDE8FC22B3272B700D74115 /* Build configuration list for PBXNativeTarget "KosherSwift" */;
			buildPhases = (
				CEDE8FA92B3272B700D74115 /* Headers */,
				CEDE8FAA2B3272B700D74115 /* Sources */,
				CEDE8FAB2B3272B700D74115 /* Frameworks */,
				CEDE8FAC2B3272B700D74115 /* Resources */,
			);
			buildRules = (
			);
			dependencies = (
			);
			name = KosherSwift;
			productName = KosherSwift;
			productReference = CEDE8FAE2B3272B700D74115 /* KosherSwift.framework */;
			productType = "com.apple.product-type.framework";
		};
		CEDE8FB72B3272B700D74115 /* KosherSwiftTests */ = {
			isa = PBXNativeTarget;
			buildConfigurationList = CEDE8FC52B3272B700D74115 /* Build configuration list for PBXNativeTarget "KosherSwiftTests" */;
			buildPhases = (
				CEDE8FB42B3272B700D74115 /* Sources */,
				CEDE8FB52B3272B700D74115 /* Frameworks */,
				CEDE8FB62B3272B700D74115 /* Resources */,
			);
			buildRules = (
			);
			dependencies = (
				CEDE8FBB2B3272B700D74115 /* PBXTargetDependency */,
			);
			name = KosherSwiftTests;
			productName = KosherSwiftTests;
			productReference = CEDE8FB82B3272B700D74115 /* KosherSwiftTests.xctest */;
			productType = "com.apple.product-type.bundle.unit-test";
		};
/* End PBXNativeTarget section */

/* Begin PBXProject section */
		CEDE8FA52B3272B700D74115 /* Project object */ = {
			isa = PBXProject;
			attributes = {
				BuildIndependentTargetsInParallel = 1;
				LastSwiftUpdateCheck = 1510;
				LastUpgradeCheck = 1510;
				TargetAttributes = {
					CEDE8FAD2B3272B700D74115 = {
						CreatedOnToolsVersion = 15.1;
					};
					CEDE8FB72B3272B700D74115 = {
						CreatedOnToolsVersion = 15.1;
					};
				};
			};
			buildConfigurationList = CEDE8FA82B3272B700D74115 /* Build configuration list for PBXProject "KosherSwift" */;
			compatibilityVersion = "Xcode 14.0";
			developmentRegion = en;
			hasScannedForEncodings = 0;
			knownRegions = (
				en,
				Base,
			);
			mainGroup = CEDE8FA42B3272B700D74115;
			productRefGroup = CEDE8FAF2B3272B700D74115 /* Products */;
			projectDirPath = "";
			projectRoot = "";
			targets = (
				CEDE8FAD2B3272B700D74115 /* KosherSwift */,
				CEDE8FB72B3272B700D74115 /* KosherSwiftTests */,
			);
		};
/* End PBXProject section */

/* Begin PBXResourcesBuildPhase section */
		CEDE8FAC2B3272B700D74115 /* Resources */ = {
			isa = PBXResourcesBuildPhase;
			buildActionMask = 2147483647;
			files = (
			);
			runOnlyForDeploymentPostprocessing = 0;
		};
		CEDE8FB62B3272B700D74115 /* Resources */ = {
			isa = PBXResourcesBuildPhase;
			buildActionMask = 2147483647;
			files = (
			);
			runOnlyForDeploymentPostprocessing = 0;
		};
/* End PBXResourcesBuildPhase section */

/* Begin PBXSourcesBuildPhase section */
		CEDE8FAA2B3272B700D74115 /* Sources */ = {
			isa = PBXSourcesBuildPhase;
			buildActionMask = 2147483647;
			files = (
				CE278A252B338BFE00A692AC /* HebrewDateFormatter.swift in Sources */,
				CE278A292B338C8900A692AC /* YomiCalculator.swift in Sources */,
				CE4E71152B34F7DD007D6BC6 /* ComplexZmanimCalendar.swift in Sources */,
				CE278A2B2B338C9E00A692AC /* YerushalmiYomiCalculator.swift in Sources */,
				CE4E71242B34F930007D6BC6 /* ZmanimFormatter.swift in Sources */,
				CE4E71112B34F79D007D6BC6 /* AstronomicalCalendar.swift in Sources */,
				CE4E711E2B34F8E4007D6BC6 /* SunTimesCalculator.swift in Sources */,
				CE4E71132B34F7CA007D6BC6 /* ZmanimCalendar.swift in Sources */,
				CEDE8FB32B3272B700D74115 /* KosherSwift.docc in Sources */,
				CE278A2D2B339C5900A692AC /* TefilaRules.swift in Sources */,
				CE4E711C2B34F855007D6BC6 /* GeoLocation.swift in Sources */,
				CE4E711A2B34F839007D6BC6 /* NOAACalculator.swift in Sources */,
				CE4E71222B34F91D007D6BC6 /* Zman.swift in Sources */,
				CEDE8FCF2B327BED00D74115 /* JewishCalendar.swift in Sources */,
				CE4E71202B34F913007D6BC6 /* Time.swift in Sources */,
				CE4E71182B34F82C007D6BC6 /* AstronomicalCalculator.swift in Sources */,
				CE278A272B338C6200A692AC /* Daf.swift in Sources */,
			);
			runOnlyForDeploymentPostprocessing = 0;
		};
		CEDE8FB42B3272B700D74115 /* Sources */ = {
			isa = PBXSourcesBuildPhase;
			buildActionMask = 2147483647;
			files = (
				CEDE8FBE2B3272B700D74115 /* KosherSwiftTests.swift in Sources */,
			);
			runOnlyForDeploymentPostprocessing = 0;
		};
/* End PBXSourcesBuildPhase section */

/* Begin PBXTargetDependency section */
		CEDE8FBB2B3272B700D74115 /* PBXTargetDependency */ = {
			isa = PBXTargetDependency;
			target = CEDE8FAD2B3272B700D74115 /* KosherSwift */;
			targetProxy = CEDE8FBA2B3272B700D74115 /* PBXContainerItemProxy */;
		};
/* End PBXTargetDependency section */

/* Begin XCBuildConfiguration section */
		CEDE8FC02B3272B700D74115 /* Debug */ = {
			isa = XCBuildConfiguration;
			buildSettings = {
				ALWAYS_SEARCH_USER_PATHS = NO;
				ASSETCATALOG_COMPILER_GENERATE_SWIFT_ASSET_SYMBOL_EXTENSIONS = YES;
				CLANG_ANALYZER_NONNULL = YES;
				CLANG_ANALYZER_NUMBER_OBJECT_CONVERSION = YES_AGGRESSIVE;
				CLANG_CXX_LANGUAGE_STANDARD = "gnu++20";
				CLANG_ENABLE_MODULES = YES;
				CLANG_ENABLE_OBJC_ARC = YES;
				CLANG_ENABLE_OBJC_WEAK = YES;
				CLANG_WARN_BLOCK_CAPTURE_AUTORELEASING = YES;
				CLANG_WARN_BOOL_CONVERSION = YES;
				CLANG_WARN_COMMA = YES;
				CLANG_WARN_CONSTANT_CONVERSION = YES;
				CLANG_WARN_DEPRECATED_OBJC_IMPLEMENTATIONS = YES;
				CLANG_WARN_DIRECT_OBJC_ISA_USAGE = YES_ERROR;
				CLANG_WARN_DOCUMENTATION_COMMENTS = YES;
				CLANG_WARN_EMPTY_BODY = YES;
				CLANG_WARN_ENUM_CONVERSION = YES;
				CLANG_WARN_INFINITE_RECURSION = YES;
				CLANG_WARN_INT_CONVERSION = YES;
				CLANG_WARN_NON_LITERAL_NULL_CONVERSION = YES;
				CLANG_WARN_OBJC_IMPLICIT_RETAIN_SELF = YES;
				CLANG_WARN_OBJC_LITERAL_CONVERSION = YES;
				CLANG_WARN_OBJC_ROOT_CLASS = YES_ERROR;
				CLANG_WARN_QUOTED_INCLUDE_IN_FRAMEWORK_HEADER = YES;
				CLANG_WARN_RANGE_LOOP_ANALYSIS = YES;
				CLANG_WARN_STRICT_PROTOTYPES = YES;
				CLANG_WARN_SUSPICIOUS_MOVE = YES;
				CLANG_WARN_UNGUARDED_AVAILABILITY = YES_AGGRESSIVE;
				CLANG_WARN_UNREACHABLE_CODE = YES;
				CLANG_WARN__DUPLICATE_METHOD_MATCH = YES;
				COPY_PHASE_STRIP = NO;
				CURRENT_PROJECT_VERSION = 1;
				DEBUG_INFORMATION_FORMAT = dwarf;
				ENABLE_STRICT_OBJC_MSGSEND = YES;
				ENABLE_TESTABILITY = YES;
				ENABLE_USER_SCRIPT_SANDBOXING = YES;
				GCC_C_LANGUAGE_STANDARD = gnu17;
				GCC_DYNAMIC_NO_PIC = NO;
				GCC_NO_COMMON_BLOCKS = YES;
				GCC_OPTIMIZATION_LEVEL = 0;
				GCC_PREPROCESSOR_DEFINITIONS = (
					"DEBUG=1",
					"$(inherited)",
				);
				GCC_WARN_64_TO_32_BIT_CONVERSION = YES;
				GCC_WARN_ABOUT_RETURN_TYPE = YES_ERROR;
				GCC_WARN_UNDECLARED_SELECTOR = YES;
				GCC_WARN_UNINITIALIZED_AUTOS = YES_AGGRESSIVE;
				GCC_WARN_UNUSED_FUNCTION = YES;
				GCC_WARN_UNUSED_VARIABLE = YES;
				LOCALIZATION_PREFERS_STRING_CATALOGS = YES;
				MTL_ENABLE_DEBUG_INFO = INCLUDE_SOURCE;
				MTL_FAST_MATH = YES;
				ONLY_ACTIVE_ARCH = YES;
				SWIFT_ACTIVE_COMPILATION_CONDITIONS = "DEBUG $(inherited)";
				SWIFT_OPTIMIZATION_LEVEL = "-Onone";
				VERSIONING_SYSTEM = "apple-generic";
				VERSION_INFO_PREFIX = "";
			};
			name = Debug;
		};
		CEDE8FC12B3272B700D74115 /* Release */ = {
			isa = XCBuildConfiguration;
			buildSettings = {
				ALWAYS_SEARCH_USER_PATHS = NO;
				ASSETCATALOG_COMPILER_GENERATE_SWIFT_ASSET_SYMBOL_EXTENSIONS = YES;
				CLANG_ANALYZER_NONNULL = YES;
				CLANG_ANALYZER_NUMBER_OBJECT_CONVERSION = YES_AGGRESSIVE;
				CLANG_CXX_LANGUAGE_STANDARD = "gnu++20";
				CLANG_ENABLE_MODULES = YES;
				CLANG_ENABLE_OBJC_ARC = YES;
				CLANG_ENABLE_OBJC_WEAK = YES;
				CLANG_WARN_BLOCK_CAPTURE_AUTORELEASING = YES;
				CLANG_WARN_BOOL_CONVERSION = YES;
				CLANG_WARN_COMMA = YES;
				CLANG_WARN_CONSTANT_CONVERSION = YES;
				CLANG_WARN_DEPRECATED_OBJC_IMPLEMENTATIONS = YES;
				CLANG_WARN_DIRECT_OBJC_ISA_USAGE = YES_ERROR;
				CLANG_WARN_DOCUMENTATION_COMMENTS = YES;
				CLANG_WARN_EMPTY_BODY = YES;
				CLANG_WARN_ENUM_CONVERSION = YES;
				CLANG_WARN_INFINITE_RECURSION = YES;
				CLANG_WARN_INT_CONVERSION = YES;
				CLANG_WARN_NON_LITERAL_NULL_CONVERSION = YES;
				CLANG_WARN_OBJC_IMPLICIT_RETAIN_SELF = YES;
				CLANG_WARN_OBJC_LITERAL_CONVERSION = YES;
				CLANG_WARN_OBJC_ROOT_CLASS = YES_ERROR;
				CLANG_WARN_QUOTED_INCLUDE_IN_FRAMEWORK_HEADER = YES;
				CLANG_WARN_RANGE_LOOP_ANALYSIS = YES;
				CLANG_WARN_STRICT_PROTOTYPES = YES;
				CLANG_WARN_SUSPICIOUS_MOVE = YES;
				CLANG_WARN_UNGUARDED_AVAILABILITY = YES_AGGRESSIVE;
				CLANG_WARN_UNREACHABLE_CODE = YES;
				CLANG_WARN__DUPLICATE_METHOD_MATCH = YES;
				COPY_PHASE_STRIP = NO;
				CURRENT_PROJECT_VERSION = 1;
				DEBUG_INFORMATION_FORMAT = "dwarf-with-dsym";
				ENABLE_NS_ASSERTIONS = NO;
				ENABLE_STRICT_OBJC_MSGSEND = YES;
				ENABLE_USER_SCRIPT_SANDBOXING = YES;
				GCC_C_LANGUAGE_STANDARD = gnu17;
				GCC_NO_COMMON_BLOCKS = YES;
				GCC_WARN_64_TO_32_BIT_CONVERSION = YES;
				GCC_WARN_ABOUT_RETURN_TYPE = YES_ERROR;
				GCC_WARN_UNDECLARED_SELECTOR = YES;
				GCC_WARN_UNINITIALIZED_AUTOS = YES_AGGRESSIVE;
				GCC_WARN_UNUSED_FUNCTION = YES;
				GCC_WARN_UNUSED_VARIABLE = YES;
				LOCALIZATION_PREFERS_STRING_CATALOGS = YES;
				MTL_ENABLE_DEBUG_INFO = NO;
				MTL_FAST_MATH = YES;
				SWIFT_COMPILATION_MODE = wholemodule;
				VERSIONING_SYSTEM = "apple-generic";
				VERSION_INFO_PREFIX = "";
			};
			name = Release;
		};
		CEDE8FC32B3272B700D74115 /* Debug */ = {
			isa = XCBuildConfiguration;
			buildSettings = {
				BUILD_LIBRARY_FOR_DISTRIBUTION = YES;
				CODE_SIGN_STYLE = Automatic;
				CURRENT_PROJECT_VERSION = 1;
				DEFINES_MODULE = YES;
				DEVELOPMENT_TEAM = 7L3824N5VJ;
				DRIVERKIT_DEPLOYMENT_TARGET = 19.0;
				DYLIB_COMPATIBILITY_VERSION = 1;
				DYLIB_CURRENT_VERSION = 1;
				DYLIB_INSTALL_NAME_BASE = "@rpath";
				ENABLE_MODULE_VERIFIER = YES;
				GENERATE_INFOPLIST_FILE = YES;
				INFOPLIST_KEY_NSHumanReadableCopyright = "";
				INSTALL_PATH = "$(LOCAL_LIBRARY_DIR)/Frameworks";
				IPHONEOS_DEPLOYMENT_TARGET = 13.0;
				LD_RUNPATH_SEARCH_PATHS = (
					"@executable_path/Frameworks",
					"@loader_path/Frameworks",
				);
				"LD_RUNPATH_SEARCH_PATHS[sdk=macosx*]" = (
					"@executable_path/../Frameworks",
					"@loader_path/Frameworks",
				);
				MACOSX_DEPLOYMENT_TARGET = 13.0;
				MARKETING_VERSION = 1.0;
				MODULE_VERIFIER_SUPPORTED_LANGUAGES = "objective-c objective-c++";
				MODULE_VERIFIER_SUPPORTED_LANGUAGE_STANDARDS = "gnu17 gnu++20";
				PRODUCT_BUNDLE_IDENTIFIER = com.ej.KosherSwift;
				PRODUCT_NAME = "$(TARGET_NAME:c99extidentifier)";
				SDKROOT = auto;
				SKIP_INSTALL = YES;
				SUPPORTED_PLATFORMS = "appletvos appletvsimulator driverkit iphoneos iphonesimulator macosx watchos watchsimulator";
				SUPPORTS_MACCATALYST = NO;
				SUPPORTS_MAC_DESIGNED_FOR_IPHONE_IPAD = YES;
				SWIFT_EMIT_LOC_STRINGS = YES;
				SWIFT_VERSION = 5.0;
				TARGETED_DEVICE_FAMILY = "1,2,3,4";
				TVOS_DEPLOYMENT_TARGET = 12.0;
				WATCHOS_DEPLOYMENT_TARGET = 4.0;
			};
			name = Debug;
		};
		CEDE8FC42B3272B700D74115 /* Release */ = {
			isa = XCBuildConfiguration;
			buildSettings = {
				BUILD_LIBRARY_FOR_DISTRIBUTION = YES;
				CODE_SIGN_STYLE = Automatic;
				CURRENT_PROJECT_VERSION = 1;
				DEFINES_MODULE = YES;
				DEVELOPMENT_TEAM = 7L3824N5VJ;
				DRIVERKIT_DEPLOYMENT_TARGET = 19.0;
				DYLIB_COMPATIBILITY_VERSION = 1;
				DYLIB_CURRENT_VERSION = 1;
				DYLIB_INSTALL_NAME_BASE = "@rpath";
				ENABLE_MODULE_VERIFIER = YES;
				GENERATE_INFOPLIST_FILE = YES;
				INFOPLIST_KEY_NSHumanReadableCopyright = "";
				INSTALL_PATH = "$(LOCAL_LIBRARY_DIR)/Frameworks";
				IPHONEOS_DEPLOYMENT_TARGET = 13.0;
				LD_RUNPATH_SEARCH_PATHS = (
					"@executable_path/Frameworks",
					"@loader_path/Frameworks",
				);
				"LD_RUNPATH_SEARCH_PATHS[sdk=macosx*]" = (
					"@executable_path/../Frameworks",
					"@loader_path/Frameworks",
				);
				MACOSX_DEPLOYMENT_TARGET = 13.0;
				MARKETING_VERSION = 1.0;
				MODULE_VERIFIER_SUPPORTED_LANGUAGES = "objective-c objective-c++";
				MODULE_VERIFIER_SUPPORTED_LANGUAGE_STANDARDS = "gnu17 gnu++20";
				PRODUCT_BUNDLE_IDENTIFIER = com.ej.KosherSwift;
				PRODUCT_NAME = "$(TARGET_NAME:c99extidentifier)";
				SDKROOT = auto;
				SKIP_INSTALL = YES;
				SUPPORTED_PLATFORMS = "appletvos appletvsimulator driverkit iphoneos iphonesimulator macosx watchos watchsimulator";
				SUPPORTS_MACCATALYST = NO;
				SUPPORTS_MAC_DESIGNED_FOR_IPHONE_IPAD = YES;
				SWIFT_EMIT_LOC_STRINGS = YES;
				SWIFT_VERSION = 5.0;
				TARGETED_DEVICE_FAMILY = "1,2,3,4";
				TVOS_DEPLOYMENT_TARGET = 12.0;
				WATCHOS_DEPLOYMENT_TARGET = 4.0;
			};
			name = Release;
		};
		CEDE8FC62B3272B700D74115 /* Debug */ = {
			isa = XCBuildConfiguration;
			buildSettings = {
				ALWAYS_EMBED_SWIFT_STANDARD_LIBRARIES = YES;
				CODE_SIGN_STYLE = Automatic;
				CURRENT_PROJECT_VERSION = 1;
				DEVELOPMENT_TEAM = 7L3824N5VJ;
				GENERATE_INFOPLIST_FILE = YES;
				IPHONEOS_DEPLOYMENT_TARGET = 17.2;
				MACOSX_DEPLOYMENT_TARGET = 14.2;
				MARKETING_VERSION = 1.0;
				PRODUCT_BUNDLE_IDENTIFIER = com.ej.KosherSwiftTests;
				PRODUCT_NAME = "$(TARGET_NAME)";
				SDKROOT = auto;
				SUPPORTED_PLATFORMS = "iphoneos iphonesimulator macosx";
				SWIFT_EMIT_LOC_STRINGS = NO;
				SWIFT_VERSION = 5.0;
				TARGETED_DEVICE_FAMILY = "1,2";
			};
			name = Debug;
		};
		CEDE8FC72B3272B700D74115 /* Release */ = {
			isa = XCBuildConfiguration;
			buildSettings = {
				ALWAYS_EMBED_SWIFT_STANDARD_LIBRARIES = YES;
				CODE_SIGN_STYLE = Automatic;
				CURRENT_PROJECT_VERSION = 1;
				DEVELOPMENT_TEAM = 7L3824N5VJ;
				GENERATE_INFOPLIST_FILE = YES;
				IPHONEOS_DEPLOYMENT_TARGET = 17.2;
				MACOSX_DEPLOYMENT_TARGET = 14.2;
				MARKETING_VERSION = 1.0;
				PRODUCT_BUNDLE_IDENTIFIER = com.ej.KosherSwiftTests;
				PRODUCT_NAME = "$(TARGET_NAME)";
				SDKROOT = auto;
				SUPPORTED_PLATFORMS = "iphoneos iphonesimulator macosx";
				SWIFT_EMIT_LOC_STRINGS = NO;
				SWIFT_VERSION = 5.0;
				TARGETED_DEVICE_FAMILY = "1,2";
			};
			name = Release;
		};
/* End XCBuildConfiguration section */

/* Begin XCConfigurationList section */
		CEDE8FA82B3272B700D74115 /* Build configuration list for PBXProject "KosherSwift" */ = {
			isa = XCConfigurationList;
			buildConfigurations = (
				CEDE8FC02B3272B700D74115 /* Debug */,
				CEDE8FC12B3272B700D74115 /* Release */,
			);
			defaultConfigurationIsVisible = 0;
			defaultConfigurationName = Release;
		};
		CEDE8FC22B3272B700D74115 /* Build configuration list for PBXNativeTarget "KosherSwift" */ = {
			isa = XCConfigurationList;
			buildConfigurations = (
				CEDE8FC32B3272B700D74115 /* Debug */,
				CEDE8FC42B3272B700D74115 /* Release */,
			);
			defaultConfigurationIsVisible = 0;
			defaultConfigurationName = Release;
		};
		CEDE8FC52B3272B700D74115 /* Build configuration list for PBXNativeTarget "KosherSwiftTests" */ = {
			isa = XCConfigurationList;
			buildConfigurations = (
				CEDE8FC62B3272B700D74115 /* Debug */,
				CEDE8FC72B3272B700D74115 /* Release */,
			);
			defaultConfigurationIsVisible = 0;
			defaultConfigurationName = Release;
		};
/* End XCConfigurationList section */
	};
	rootObject = CEDE8FA52B3272B700D74115 /* Project object */;
}
